
Microsoft Visual Studio Solution File, Format Version 12.00
# Visual Studio Version 16
VisualStudioVersion = 16.0.31025.194
MinimumVisualStudioVersion = 10.0.40219.1
Project("{FAE04EC0-301F-11D3-BF4B-00C04F79EFBC}") = "AOIMainApp", "AOIMainApp\AOIMainApp.csproj", "{BC761D84-D769-4748-8852-CA6D3DCF5D7F}"
EndProject
Project("{FAE04EC0-301F-11D3-BF4B-00C04F79EFBC}") = "AOI.Model", "AOI.Model\AOI.Model.csproj", "{3551A8AE-A171-4385-83A4-3F968BCBA2E5}"
EndProject
Project("{FAE04EC0-301F-11D3-BF4B-00C04F79EFBC}") = "AOI.BusinessLogic", "AOI.BusinessLogic\AOI.BusinessLogic.csproj", "{2AB33ECE-5807-4248-86BE-617C8484F6F1}"
EndProject
Project("{FAE04EC0-301F-11D3-BF4B-00C04F79EFBC}") = "VISAWrapper", "VISAWrapper\VISAWrapper.csproj", "{CF9417F3-14F2-4D55-B9B4-903A068E03D1}"
EndProject
Project("{FAE04EC0-301F-11D3-BF4B-00C04F79EFBC}") = "VisaTester", "VisaTester\VisaTester.csproj", "{279559B3-9BC4-4728-8714-3296D33D1BD5}"
EndProject
Global
	GlobalSection(SolutionConfigurationPlatforms) = preSolution
		Debug|Any CPU = Debug|Any CPU
		Release|Any CPU = Release|Any CPU
	EndGlobalSection
	GlobalSection(ProjectConfigurationPlatforms) = postSolution
		{BC761D84-D769-4748-8852-CA6D3DCF5D7F}.Debug|Any CPU.ActiveCfg = Debug|Any CPU
		{BC761D84-D769-4748-8852-CA6D3DCF5D7F}.Debug|Any CPU.Build.0 = Debug|Any CPU
		{BC761D84-D769-4748-8852-CA6D3DCF5D7F}.Release|Any CPU.ActiveCfg = Release|Any CPU
		{BC761D84-D769-4748-8852-CA6D3DCF5D7F}.Release|Any CPU.Build.0 = Release|Any CPU
		{3551A8AE-A171-4385-83A4-3F968BCBA2E5}.Debug|Any CPU.ActiveCfg = Debug|Any CPU
		{3551A8AE-A171-4385-83A4-3F968BCBA2E5}.Debug|Any CPU.Build.0 = Debug|Any CPU
		{3551A8AE-A171-4385-83A4-3F968BCBA2E5}.Release|Any CPU.ActiveCfg = Release|Any CPU
		{3551A8AE-A171-4385-83A4-3F968BCBA2E5}.Release|Any CPU.Build.0 = Release|Any CPU
		{2AB33ECE-5807-4248-86BE-617C8484F6F1}.Debug|Any CPU.ActiveCfg = Debug|Any CPU
		{2AB33ECE-5807-4248-86BE-617C8484F6F1}.Debug|Any CPU.Build.0 = Debug|Any CPU
		{2AB33ECE-5807-4248-86BE-617C8484F6F1}.Release|Any CPU.ActiveCfg = Release|Any CPU
		{2AB33ECE-5807-4248-86BE-617C8484F6F1}.Release|Any CPU.Build.0 = Release|Any CPU
		{CF9417F3-14F2-4D55-B9B4-903A068E03D1}.Debug|Any CPU.ActiveCfg = Debug|Any CPU
		{CF9417F3-14F2-4D55-B9B4-903A068E03D1}.Debug|Any CPU.Build.0 = Debug|Any CPU
		{CF9417F3-14F2-4D55-B9B4-903A068E03D1}.Release|Any CPU.ActiveCfg = Release|Any CPU
		{CF9417F3-14F2-4D55-B9B4-903A068E03D1}.Release|Any CPU.Build.0 = Release|Any CPU
		{279559B3-9BC4-4728-8714-3296D33D1BD5}.Debug|Any CPU.ActiveCfg = Debug|Any CPU
		{279559B3-9BC4-4728-8714-3296D33D1BD5}.Debug|Any CPU.Build.0 = Debug|Any CPU
		{279559B3-9BC4-4728-8714-3296D33D1BD5}.Release|Any CPU.ActiveCfg = Release|Any CPU
		{279559B3-9BC4-4728-8714-3296D33D1BD5}.Release|Any CPU.Build.0 = Release|Any CPU
	EndGlobalSection
	GlobalSection(SolutionProperties) = preSolution
		HideSolutionNode = FALSE
	EndGlobalSection
	GlobalSection(ExtensibilityGlobals) = postSolution
		SolutionGuid = {8884FF96-D227-4243-BCCA-6B96EAB15472}
	EndGlobalSection
EndGlobal
